
Microsoft Visual Studio Solution File, Format Version 12.00
# Visual Studio Version 17
VisualStudioVersion = 17.11.35219.272
MinimumVisualStudioVersion = 10.0.40219.1
Project("{FAE04EC0-301F-11D3-BF4B-00C04F79EFBC}") = "hipotenusa2", "hipotenusa2\hipotenusa2.csproj", "{46C9121D-3FB8-491C-AFD6-3B280CADD2FD}"
EndProject
Global
	GlobalSection(SolutionConfigurationPlatforms) = preSolution
		Debug|Any CPU = Debug|Any CPU
		Release|Any CPU = Release|Any CPU
	EndGlobalSection
	GlobalSection(ProjectConfigurationPlatforms) = postSolution
		{46C9121D-3FB8-491C-AFD6-3B280CADD2FD}.Debug|Any CPU.ActiveCfg = Debug|Any CPU
		{46C9121D-3FB8-491C-AFD6-3B280CADD2FD}.Debug|Any CPU.Build.0 = Debug|Any CPU
		{46C9121D-3FB8-491C-AFD6-3B280CADD2FD}.Release|Any CPU.ActiveCfg = Release|Any CPU
		{46C9121D-3FB8-491C-AFD6-3B280CADD2FD}.Release|Any CPU.Build.0 = Release|Any CPU
	EndGlobalSection
	GlobalSection(SolutionProperties) = preSolution
		HideSolutionNode = FALSE
	EndGlobalSection
	GlobalSection(ExtensibilityGlobals) = postSolution
		SolutionGuid = {6B706D93-8F6A-4DE3-BA6A-C71EFF5DCD61}
	EndGlobalSection
EndGlobal
